{
  "name": "package-2",
  "version": "1.0.0",
  "lockfileVersion": 1,
  "requires": true,
  "dependencies": {
    "@michaelpapesca/package-1": {
      "version": "1.0.2",
      "resolved": "https://npm.pkg.github.com/download/@michaelpapesca/package-1/1.0.2/402b42e867e06d4f2d8f8993e9161278f5af3e2d8e485da09ba122ecb16ef0ea",
      "integrity": "sha512-gva+fZk/AS1vi8YujlC8xMuZ4nzVWJwnL0JqIVVYQc6+1sGHNucp+5Zmq0bWLDCJtto78ACmcXw8E/2YtnYPXA=="
    }
  }
}
